
Microsoft Visual Studio Solution File, Format Version 12.00
# Visual Studio Version 16
VisualStudioVersion = 16.0.30907.101
MinimumVisualStudioVersion = 10.0.40219.1
Project("{FAE04EC0-301F-11D3-BF4B-00C04F79EFBC}") = "CacheDemo", "CacheDemo.csproj", "{CA69F833-F883-4F54-9551-729A36DCAD5E}"
EndProject
Global
	GlobalSection(SolutionConfigurationPlatforms) = preSolution
		Debug|Any CPU = Debug|Any CPU
		Release|Any CPU = Release|Any CPU
	EndGlobalSection
	GlobalSection(ProjectConfigurationPlatforms) = postSolution
		{CA69F833-F883-4F54-9551-729A36DCAD5E}.Debug|Any CPU.ActiveCfg = Debug|Any CPU
		{CA69F833-F883-4F54-9551-729A36DCAD5E}.Debug|Any CPU.Build.0 = Debug|Any CPU
		{CA69F833-F883-4F54-9551-729A36DCAD5E}.Release|Any CPU.ActiveCfg = Release|Any CPU
		{CA69F833-F883-4F54-9551-729A36DCAD5E}.Release|Any CPU.Build.0 = Release|Any CPU
	EndGlobalSection
	GlobalSection(SolutionProperties) = preSolution
		HideSolutionNode = FALSE
	EndGlobalSection
	GlobalSection(ExtensibilityGlobals) = postSolution
		SolutionGuid = {DAA076BD-D99D-4A19-9D30-3DFE249B4CEE}
	EndGlobalSection
EndGlobal
